{
  "name": "@matrx/svelte-realtime-store",
  "version": "0.1.1",
  "lockfileVersion": 1,
  "requires": true,
  "dependencies": {
    "svelte": {
      "version": "3.12.0",
      "resolved": "https://registry.npmjs.org/svelte/-/svelte-3.12.0.tgz",
      "integrity": "sha512-9/broj3bjShrsk3FuVDH0Bho2BchPKT8ubAqRcTqwkqrO9npOS3Vi98Yb5mBaa4bYV+ELTuvPvaQZbCJYMFRdg=="
    }
  }
}
