{
  "name": "@matrx/realtime",
  "version": "0.1.0",
  "lockfileVersion": 1,
  "requires": true,
  "dependencies": {
    "url-composer": {
      "version": "1.15.0",
      "resolved": "https://registry.npmjs.org/url-composer/-/url-composer-1.15.0.tgz",
      "integrity": "sha512-lcU9MUn/JNCR5mj1MvN+B/mibZONQ6YRt6VkI8c7Zfs8JI8g5imKDmM+rt2YuIeOXWyTGT2WYaamKCMH45VJPA=="
    },
    "uuid": {
      "version": "3.3.3",
      "resolved": "https://registry.npmjs.org/uuid/-/uuid-3.3.3.tgz",
      "integrity": "sha512-pW0No1RGHgzlpHJO1nsVrHKpOEIxkGg1xB+v0ZmdNH5OAeAwzAVrCnI2/6Mtx+Uys6iaylxa+D3g4j63IKKjSQ=="
    }
  }
}
